
Microsoft Visual Studio Solution File, Format Version 12.00
# Visual Studio 15
VisualStudioVersion = 15.0.27004.2005
MinimumVisualStudioVersion = 10.0.40219.1
Project("{9A19103F-16F7-4668-BE54-9A1E7A4F7556}") = "Test", "Test\Test.csproj", "{3FCADF4D-59A4-4E70-83CF-B144623EF0AD}"
EndProject
Project("{9A19103F-16F7-4668-BE54-9A1E7A4F7556}") = "CachedFuncCore", "CachedFuncCore\CachedFuncCore.csproj", "{0E3951AE-AD14-4A28-BB0F-CA50B558E2BB}"
EndProject
Project("{9A19103F-16F7-4668-BE54-9A1E7A4F7556}") = "CachedFuncBase", "CachedFuncBase\CachedFuncBase.csproj", "{A0049C96-2395-455D-B69B-4824FB84EC13}"
EndProject
Global
	GlobalSection(SolutionConfigurationPlatforms) = preSolution
		Debug|Any CPU = Debug|Any CPU
		Release|Any CPU = Release|Any CPU
	EndGlobalSection
	GlobalSection(ProjectConfigurationPlatforms) = postSolution
		{3FCADF4D-59A4-4E70-83CF-B144623EF0AD}.Debug|Any CPU.ActiveCfg = Debug|Any CPU
		{3FCADF4D-59A4-4E70-83CF-B144623EF0AD}.Debug|Any CPU.Build.0 = Debug|Any CPU
		{3FCADF4D-59A4-4E70-83CF-B144623EF0AD}.Release|Any CPU.ActiveCfg = Release|Any CPU
		{3FCADF4D-59A4-4E70-83CF-B144623EF0AD}.Release|Any CPU.Build.0 = Release|Any CPU
		{0E3951AE-AD14-4A28-BB0F-CA50B558E2BB}.Debug|Any CPU.ActiveCfg = Debug|Any CPU
		{0E3951AE-AD14-4A28-BB0F-CA50B558E2BB}.Debug|Any CPU.Build.0 = Debug|Any CPU
		{0E3951AE-AD14-4A28-BB0F-CA50B558E2BB}.Release|Any CPU.ActiveCfg = Release|Any CPU
		{0E3951AE-AD14-4A28-BB0F-CA50B558E2BB}.Release|Any CPU.Build.0 = Release|Any CPU
		{A0049C96-2395-455D-B69B-4824FB84EC13}.Debug|Any CPU.ActiveCfg = Debug|Any CPU
		{A0049C96-2395-455D-B69B-4824FB84EC13}.Debug|Any CPU.Build.0 = Debug|Any CPU
		{A0049C96-2395-455D-B69B-4824FB84EC13}.Release|Any CPU.ActiveCfg = Release|Any CPU
		{A0049C96-2395-455D-B69B-4824FB84EC13}.Release|Any CPU.Build.0 = Release|Any CPU
	EndGlobalSection
	GlobalSection(SolutionProperties) = preSolution
		HideSolutionNode = FALSE
	EndGlobalSection
	GlobalSection(ExtensibilityGlobals) = postSolution
		SolutionGuid = {94E47601-159D-4EFB-93BB-39283FF3A7E9}
	EndGlobalSection
	GlobalSection(Performance) = preSolution
		HasPerformanceSessions = true
	EndGlobalSection
EndGlobal
